// !$*UTF8*$!
{
	archiveVersion = 1;
	classes = {
	};
	objectVersion = 46;
	objects = {

/* Begin PBXBuildFile section */
		D32130581BDCFAD700A45A00 /* Baby Be Mine.mp3 in Resources */ = {isa = PBXBuildFile; fileRef = D32130561BDCFAD700A45A00 /* Baby Be Mine.mp3 */; };
		D32130591BDCFAD700A45A00 /* Beat It.mp3 in Resources */ = {isa = PBXBuildFile; fileRef = D32130571BDCFAD700A45A00 /* Beat It.mp3 */; };
		D321305C1BDCFC3D00A45A00 /* demo2.jpg in Resources */ = {isa = PBXBuildFile; fileRef = D321305A1BDCFC3D00A45A00 /* demo2.jpg */; };
		D321305D1BDCFC3D00A45A00 /* demo3.jpg in Resources */ = {isa = PBXBuildFile; fileRef = D321305B1BDCFC3D00A45A00 /* demo3.jpg */; };
		D33843861C1F7A7300348BE9 /* Launch Screen.storyboard in Resources */ = {isa = PBXBuildFile; fileRef = D33843851C1F7A7300348BE9 /* Launch Screen.storyboard */; };
		D34BBB1B1BDCD82100C1E73E /* repeat_s.png in Resources */ = {isa = PBXBuildFile; fileRef = D34BBB171BDCD82100C1E73E /* repeat_s.png */; };
		D34BBB1C1BDCD82100C1E73E /* shuffle_s.png in Resources */ = {isa = PBXBuildFile; fileRef = D34BBB181BDCD82100C1E73E /* shuffle_s.png */; };
		D34BBB1D1BDCD82100C1E73E /* repeat.png in Resources */ = {isa = PBXBuildFile; fileRef = D34BBB191BDCD82100C1E73E /* repeat.png */; };
		D34BBB1E1BDCD82100C1E73E /* shuffle.png in Resources */ = {isa = PBXBuildFile; fileRef = D34BBB1A1BDCD82100C1E73E /* shuffle.png */; };
		D36191BE19E9647B00CC9026 /* Main.storyboard in Resources */ = {isa = PBXBuildFile; fileRef = D36191BB19E9647B00CC9026 /* Main.storyboard */; };
		D36835361DA2EA190083F964 /* background6.png in Resources */ = {isa = PBXBuildFile; fileRef = D36835321DA2EA190083F964 /* background6.png */; };
		D36835371DA2EA190083F964 /* background3.png in Resources */ = {isa = PBXBuildFile; fileRef = D36835331DA2EA190083F964 /* background3.png */; };
		D36835381DA2EA190083F964 /* background4.png in Resources */ = {isa = PBXBuildFile; fileRef = D36835341DA2EA190083F964 /* background4.png */; };
		D36835391DA2EA190083F964 /* background5.png in Resources */ = {isa = PBXBuildFile; fileRef = D36835351DA2EA190083F964 /* background5.png */; };
		D368353B1DA2EC600083F964 /* background2.png in Resources */ = {isa = PBXBuildFile; fileRef = D368353A1DA2EC600083F964 /* background2.png */; };
		D368353D1DA2ED410083F964 /* background7.png in Resources */ = {isa = PBXBuildFile; fileRef = D368353C1DA2ED410083F964 /* background7.png */; };
		D3C1749B19A36B6600C3F4E4 /* list.plist in Resources */ = {isa = PBXBuildFile; fileRef = D3C1748A19A36B6600C3F4E4 /* list.plist */; };
		D3C1749C19A36B6600C3F4E4 /* list.png in Resources */ = {isa = PBXBuildFile; fileRef = D3C1748B19A36B6600C3F4E4 /* list.png */; };
		D3C1749D19A36B6600C3F4E4 /* listS.png in Resources */ = {isa = PBXBuildFile; fileRef = D3C1748C19A36B6600C3F4E4 /* listS.png */; };
		D3C1749F19A36B6600C3F4E4 /* next.png in Resources */ = {isa = PBXBuildFile; fileRef = D3C1748E19A36B6600C3F4E4 /* next.png */; };
		D3C174A119A36B6600C3F4E4 /* pause.png in Resources */ = {isa = PBXBuildFile; fileRef = D3C1749019A36B6600C3F4E4 /* pause.png */; };
		D3C174A219A36B6600C3F4E4 /* play.png in Resources */ = {isa = PBXBuildFile; fileRef = D3C1749119A36B6600C3F4E4 /* play.png */; };
		D3C174A319A36B6600C3F4E4 /* previous.png in Resources */ = {isa = PBXBuildFile; fileRef = D3C1749219A36B6600C3F4E4 /* previous.png */; };
		D3D2E95319A36A0000DEF125 /* AppDelegate.swift in Sources */ = {isa = PBXBuildFile; fileRef = D3D2E95219A36A0000DEF125 /* AppDelegate.swift */; };
		D3D2E95519A36A0000DEF125 /* PlayerViewController.swift in Sources */ = {isa = PBXBuildFile; fileRef = D3D2E95419A36A0000DEF125 /* PlayerViewController.swift */; };
		D3D2E95A19A36A0000DEF125 /* Images.xcassets in Resources */ = {isa = PBXBuildFile; fileRef = D3D2E95919A36A0000DEF125 /* Images.xcassets */; };
		D3E3C32B1BDC030A005A68D3 /* background1.png in Resources */ = {isa = PBXBuildFile; fileRef = D3E3C32A1BDC030A005A68D3 /* background1.png */; };
		D3E3C32D1BDC0B74005A68D3 /* demo1.png in Resources */ = {isa = PBXBuildFile; fileRef = D3E3C32C1BDC0B74005A68D3 /* demo1.png */; };
		D3E3C32F1BDC109C005A68D3 /* shadow.png in Resources */ = {isa = PBXBuildFile; fileRef = D3E3C32E1BDC109C005A68D3 /* shadow.png */; };
		D3E3C3311BDC15C9005A68D3 /* Billie Jean.mp3 in Resources */ = {isa = PBXBuildFile; fileRef = D3E3C3301BDC15C9005A68D3 /* Billie Jean.mp3 */; };
/* End PBXBuildFile section */

/* Begin PBXFileReference section */
		D32130561BDCFAD700A45A00 /* Baby Be Mine.mp3 */ = {isa = PBXFileReference; lastKnownFileType = audio.mp3; path = "Baby Be Mine.mp3"; sourceTree = "<group>"; };
		D32130571BDCFAD700A45A00 /* Beat It.mp3 */ = {isa = PBXFileReference; lastKnownFileType = audio.mp3; path = "Beat It.mp3"; sourceTree = "<group>"; };
		D321305A1BDCFC3D00A45A00 /* demo2.jpg */ = {isa = PBXFileReference; lastKnownFileType = image.jpeg; path = demo2.jpg; sourceTree = "<group>"; };
		D321305B1BDCFC3D00A45A00 /* demo3.jpg */ = {isa = PBXFileReference; lastKnownFileType = image.jpeg; path = demo3.jpg; sourceTree = "<group>"; };
		D33843851C1F7A7300348BE9 /* Launch Screen.storyboard */ = {isa = PBXFileReference; fileEncoding = 4; lastKnownFileType = file.storyboard; path = "Launch Screen.storyboard"; sourceTree = "<group>"; };
		D34BBB171BDCD82100C1E73E /* repeat_s.png */ = {isa = PBXFileReference; lastKnownFileType = image.png; path = repeat_s.png; sourceTree = "<group>"; };
		D34BBB181BDCD82100C1E73E /* shuffle_s.png */ = {isa = PBXFileReference; lastKnownFileType = image.png; path = shuffle_s.png; sourceTree = "<group>"; };
		D34BBB191BDCD82100C1E73E /* repeat.png */ = {isa = PBXFileReference; lastKnownFileType = image.png; path = repeat.png; sourceTree = "<group>"; };
		D34BBB1A1BDCD82100C1E73E /* shuffle.png */ = {isa = PBXFileReference; lastKnownFileType = image.png; path = shuffle.png; sourceTree = "<group>"; };
		D36191BC19E9647B00CC9026 /* Base */ = {isa = PBXFileReference; lastKnownFileType = file.storyboard; name = Base; path = Base.lproj/Main.storyboard; sourceTree = "<group>"; };
		D36835321DA2EA190083F964 /* background6.png */ = {isa = PBXFileReference; lastKnownFileType = image.png; path = background6.png; sourceTree = "<group>"; };
		D36835331DA2EA190083F964 /* background3.png */ = {isa = PBXFileReference; lastKnownFileType = image.png; path = background3.png; sourceTree = "<group>"; };
		D36835341DA2EA190083F964 /* background4.png */ = {isa = PBXFileReference; lastKnownFileType = image.png; path = background4.png; sourceTree = "<group>"; };
		D36835351DA2EA190083F964 /* background5.png */ = {isa = PBXFileReference; lastKnownFileType = image.png; path = background5.png; sourceTree = "<group>"; };
		D368353A1DA2EC600083F964 /* background2.png */ = {isa = PBXFileReference; lastKnownFileType = image.png; path = background2.png; sourceTree = "<group>"; };
		D368353C1DA2ED410083F964 /* background7.png */ = {isa = PBXFileReference; lastKnownFileType = image.png; path = background7.png; sourceTree = "<group>"; };
		D3B8BE7A1EBB5F7200620EF9 /* Music Player ReadMe.pdf */ = {isa = PBXFileReference; lastKnownFileType = image.pdf; path = "Music Player ReadMe.pdf"; sourceTree = "<group>"; };
		D3B8BE7C1EBB5F7C00620EF9 /* screenshot1.png */ = {isa = PBXFileReference; lastKnownFileType = image.png; path = screenshot1.png; sourceTree = "<group>"; };
		D3B8BE7D1EBB5F7C00620EF9 /* screenshot2.png */ = {isa = PBXFileReference; lastKnownFileType = image.png; path = screenshot2.png; sourceTree = "<group>"; };
		D3B8BE7E1EBB5F7C00620EF9 /* screenshot3.png */ = {isa = PBXFileReference; lastKnownFileType = image.png; path = screenshot3.png; sourceTree = "<group>"; };
		D3B8BE7F1EBB5F7C00620EF9 /* screenshot4.png */ = {isa = PBXFileReference; lastKnownFileType = image.png; path = screenshot4.png; sourceTree = "<group>"; };
		D3C1748A19A36B6600C3F4E4 /* list.plist */ = {isa = PBXFileReference; fileEncoding = 4; lastKnownFileType = text.plist.xml; path = list.plist; sourceTree = "<group>"; };
		D3C1748B19A36B6600C3F4E4 /* list.png */ = {isa = PBXFileReference; lastKnownFileType = image.png; path = list.png; sourceTree = "<group>"; };
		D3C1748C19A36B6600C3F4E4 /* listS.png */ = {isa = PBXFileReference; lastKnownFileType = image.png; path = listS.png; sourceTree = "<group>"; };
		D3C1748E19A36B6600C3F4E4 /* next.png */ = {isa = PBXFileReference; lastKnownFileType = image.png; path = next.png; sourceTree = "<group>"; };
		D3C1749019A36B6600C3F4E4 /* pause.png */ = {isa = PBXFileReference; lastKnownFileType = image.png; path = pause.png; sourceTree = "<group>"; };
		D3C1749119A36B6600C3F4E4 /* play.png */ = {isa = PBXFileReference; lastKnownFileType = image.png; path = play.png; sourceTree = "<group>"; };
		D3C1749219A36B6600C3F4E4 /* previous.png */ = {isa = PBXFileReference; lastKnownFileType = image.png; path = previous.png; sourceTree = "<group>"; };
		D3D2E94D19A36A0000DEF125 /* Music Player.app */ = {isa = PBXFileReference; explicitFileType = wrapper.application; includeInIndex = 0; path = "Music Player.app"; sourceTree = BUILT_PRODUCTS_DIR; };
		D3D2E95119A36A0000DEF125 /* Info.plist */ = {isa = PBXFileReference; lastKnownFileType = text.plist.xml; path = Info.plist; sourceTree = "<group>"; };
		D3D2E95219A36A0000DEF125 /* AppDelegate.swift */ = {isa = PBXFileReference; lastKnownFileType = sourcecode.swift; path = AppDelegate.swift; sourceTree = "<group>"; };
		D3D2E95419A36A0000DEF125 /* PlayerViewController.swift */ = {isa = PBXFileReference; lastKnownFileType = sourcecode.swift; path = PlayerViewController.swift; sourceTree = "<group>"; };
		D3D2E95919A36A0000DEF125 /* Images.xcassets */ = {isa = PBXFileReference; lastKnownFileType = folder.assetcatalog; path = Images.xcassets; sourceTree = "<group>"; };
		D3E3C32A1BDC030A005A68D3 /* background1.png */ = {isa = PBXFileReference; lastKnownFileType = image.png; path = background1.png; sourceTree = "<group>"; };
		D3E3C32C1BDC0B74005A68D3 /* demo1.png */ = {isa = PBXFileReference; lastKnownFileType = image.png; path = demo1.png; sourceTree = "<group>"; };
		D3E3C32E1BDC109C005A68D3 /* shadow.png */ = {isa = PBXFileReference; lastKnownFileType = image.png; path = shadow.png; sourceTree = "<group>"; };
		D3E3C3301BDC15C9005A68D3 /* Billie Jean.mp3 */ = {isa = PBXFileReference; lastKnownFileType = audio.mp3; path = "Billie Jean.mp3"; sourceTree = "<group>"; };
/* End PBXFileReference section */

/* Begin PBXFrameworksBuildPhase section */
		D3D2E94A19A36A0000DEF125 /* Frameworks */ = {
			isa = PBXFrameworksBuildPhase;
			buildActionMask = 2147483647;
			files = (
			);
			runOnlyForDeploymentPostprocessing = 0;
		};
/* End PBXFrameworksBuildPhase section */

/* Begin PBXGroup section */
		D3485DF319E7362C009A81CD /* Album Artwork */ = {
			isa = PBXGroup;
			children = (
				D321305A1BDCFC3D00A45A00 /* demo2.jpg */,
				D321305B1BDCFC3D00A45A00 /* demo3.jpg */,
				D3E3C32C1BDC0B74005A68D3 /* demo1.png */,
			);
			name = "Album Artwork";
			sourceTree = "<group>";
		};
		D36191C219E96DB500CC9026 /* ALBUM DATA */ = {
			isa = PBXGroup;
			children = (
				D3C1748A19A36B6600C3F4E4 /* list.plist */,
			);
			name = "ALBUM DATA";
			sourceTree = "<group>";
		};
		D36191C319E96E1400CC9026 /* Settings */ = {
			isa = PBXGroup;
			children = (
				D3C174A719A36BEA00C3F4E4 /* music */,
				D3485DF319E7362C009A81CD /* Album Artwork */,
				D36191C219E96DB500CC9026 /* ALBUM DATA */,
			);
			name = Settings;
			sourceTree = "<group>";
		};
		D3C1748419A36B3700C3F4E4 /* Asset */ = {
			isa = PBXGroup;
			children = (
				D3B8BE7A1EBB5F7200620EF9 /* Music Player ReadMe.pdf */,
				D3B8BE7C1EBB5F7C00620EF9 /* screenshot1.png */,
				D3B8BE7D1EBB5F7C00620EF9 /* screenshot2.png */,
				D3B8BE7E1EBB5F7C00620EF9 /* screenshot3.png */,
				D3B8BE7F1EBB5F7C00620EF9 /* screenshot4.png */,
				D34BBB171BDCD82100C1E73E /* repeat_s.png */,
				D34BBB181BDCD82100C1E73E /* shuffle_s.png */,
				D34BBB191BDCD82100C1E73E /* repeat.png */,
				D34BBB1A1BDCD82100C1E73E /* shuffle.png */,
				D3E3C32E1BDC109C005A68D3 /* shadow.png */,
				D3E3C32A1BDC030A005A68D3 /* background1.png */,
				D368353A1DA2EC600083F964 /* background2.png */,
				D36835331DA2EA190083F964 /* background3.png */,
				D36835341DA2EA190083F964 /* background4.png */,
				D36835351DA2EA190083F964 /* background5.png */,
				D36835321DA2EA190083F964 /* background6.png */,
				D368353C1DA2ED410083F964 /* background7.png */,
				D3C1748B19A36B6600C3F4E4 /* list.png */,
				D3C1748C19A36B6600C3F4E4 /* listS.png */,
				D3C1748E19A36B6600C3F4E4 /* next.png */,
				D3C1749019A36B6600C3F4E4 /* pause.png */,
				D3C1749119A36B6600C3F4E4 /* play.png */,
				D3C1749219A36B6600C3F4E4 /* previous.png */,
			);
			name = Asset;
			sourceTree = "<group>";
		};
		D3C174A719A36BEA00C3F4E4 /* music */ = {
			isa = PBXGroup;
			children = (
				D32130561BDCFAD700A45A00 /* Baby Be Mine.mp3 */,
				D32130571BDCFAD700A45A00 /* Beat It.mp3 */,
				D3E3C3301BDC15C9005A68D3 /* Billie Jean.mp3 */,
			);
			name = music;
			sourceTree = "<group>";
		};
		D3D2E94419A36A0000DEF125 = {
			isa = PBXGroup;
			children = (
				D3D2E94F19A36A0000DEF125 /* Music Player */,
				D3D2E94E19A36A0000DEF125 /* Products */,
			);
			sourceTree = "<group>";
		};
		D3D2E94E19A36A0000DEF125 /* Products */ = {
			isa = PBXGroup;
			children = (
				D3D2E94D19A36A0000DEF125 /* Music Player.app */,
			);
			name = Products;
			sourceTree = "<group>";
		};
		D3D2E94F19A36A0000DEF125 /* Music Player */ = {
			isa = PBXGroup;
			children = (
				D36191C319E96E1400CC9026 /* Settings */,
				D3C1748419A36B3700C3F4E4 /* Asset */,
				D3D2E95219A36A0000DEF125 /* AppDelegate.swift */,
				D3D2E95419A36A0000DEF125 /* PlayerViewController.swift */,
				D36191BB19E9647B00CC9026 /* Main.storyboard */,
				D33843851C1F7A7300348BE9 /* Launch Screen.storyboard */,
				D3D2E95919A36A0000DEF125 /* Images.xcassets */,
				D3D2E95019A36A0000DEF125 /* Supporting Files */,
			);
			path = "Music Player";
			sourceTree = "<group>";
		};
		D3D2E95019A36A0000DEF125 /* Supporting Files */ = {
			isa = PBXGroup;
			children = (
				D3D2E95119A36A0000DEF125 /* Info.plist */,
			);
			name = "Supporting Files";
			sourceTree = "<group>";
		};
/* End PBXGroup section */

/* Begin PBXNativeTarget section */
		D3D2E94C19A36A0000DEF125 /* Music Player */ = {
			isa = PBXNativeTarget;
			buildConfigurationList = D3D2E96919A36A0000DEF125 /* Build configuration list for PBXNativeTarget "Music Player" */;
			buildPhases = (
				D3D2E94919A36A0000DEF125 /* Sources */,
				D3D2E94A19A36A0000DEF125 /* Frameworks */,
				D3D2E94B19A36A0000DEF125 /* Resources */,
			);
			buildRules = (
			);
			dependencies = (
			);
			name = "Music Player";
			productName = "Music Player";
			productReference = D3D2E94D19A36A0000DEF125 /* Music Player.app */;
			productType = "com.apple.product-type.application";
		};
/* End PBXNativeTarget section */

/* Begin PBXProject section */
		D3D2E94519A36A0000DEF125 /* Project object */ = {
			isa = PBXProject;
			attributes = {
				LastSwiftMigration = 0710;
				LastSwiftUpdateCheck = 0710;
				LastUpgradeCheck = 1150;
				ORGANIZATIONNAME = polat;
				TargetAttributes = {
					D3D2E94C19A36A0000DEF125 = {
						CreatedOnToolsVersion = 6.0;
						DevelopmentTeam = NY2B63T68P;
						LastSwiftMigration = 1150;
					};
				};
			};
			buildConfigurationList = D3D2E94819A36A0000DEF125 /* Build configuration list for PBXProject "Music Player" */;
			compatibilityVersion = "Xcode 3.2";
			developmentRegion = en;
			hasScannedForEncodings = 0;
			knownRegions = (
				en,
				Base,
			);
			mainGroup = D3D2E94419A36A0000DEF125;
			productRefGroup = D3D2E94E19A36A0000DEF125 /* Products */;
			projectDirPath = "";
			projectRoot = "";
			targets = (
				D3D2E94C19A36A0000DEF125 /* Music Player */,
			);
		};
/* End PBXProject section */

/* Begin PBXResourcesBuildPhase section */
		D3D2E94B19A36A0000DEF125 /* Resources */ = {
			isa = PBXResourcesBuildPhase;
			buildActionMask = 2147483647;
			files = (
				D34BBB1D1BDCD82100C1E73E /* repeat.png in Resources */,
				D368353D1DA2ED410083F964 /* background7.png in Resources */,
				D3E3C32D1BDC0B74005A68D3 /* demo1.png in Resources */,
				D3C1749B19A36B6600C3F4E4 /* list.plist in Resources */,
				D34BBB1B1BDCD82100C1E73E /* repeat_s.png in Resources */,
				D321305D1BDCFC3D00A45A00 /* demo3.jpg in Resources */,
				D36835381DA2EA190083F964 /* background4.png in Resources */,
				D3E3C32B1BDC030A005A68D3 /* background1.png in Resources */,
				D33843861C1F7A7300348BE9 /* Launch Screen.storyboard in Resources */,
				D3C1749D19A36B6600C3F4E4 /* listS.png in Resources */,
				D3C1749F19A36B6600C3F4E4 /* next.png in Resources */,
				D368353B1DA2EC600083F964 /* background2.png in Resources */,
				D321305C1BDCFC3D00A45A00 /* demo2.jpg in Resources */,
				D3C1749C19A36B6600C3F4E4 /* list.png in Resources */,
				D3E3C32F1BDC109C005A68D3 /* shadow.png in Resources */,
				D3C174A119A36B6600C3F4E4 /* pause.png in Resources */,
				D36835371DA2EA190083F964 /* background3.png in Resources */,
				D32130581BDCFAD700A45A00 /* Baby Be Mine.mp3 in Resources */,
				D34BBB1C1BDCD82100C1E73E /* shuffle_s.png in Resources */,
				D34BBB1E1BDCD82100C1E73E /* shuffle.png in Resources */,
				D3C174A219A36B6600C3F4E4 /* play.png in Resources */,
				D3C174A319A36B6600C3F4E4 /* previous.png in Resources */,
				D3E3C3311BDC15C9005A68D3 /* Billie Jean.mp3 in Resources */,
				D32130591BDCFAD700A45A00 /* Beat It.mp3 in Resources */,
				D36191BE19E9647B00CC9026 /* Main.storyboard in Resources */,
				D3D2E95A19A36A0000DEF125 /* Images.xcassets in Resources */,
				D36835391DA2EA190083F964 /* background5.png in Resources */,
				D36835361DA2EA190083F964 /* background6.png in Resources */,
			);
			runOnlyForDeploymentPostprocessing = 0;
		};
/* End PBXResourcesBuildPhase section */

/* Begin PBXSourcesBuildPhase section */
		D3D2E94919A36A0000DEF125 /* Sources */ = {
			isa = PBXSourcesBuildPhase;
			buildActionMask = 2147483647;
			files = (
				D3D2E95519A36A0000DEF125 /* PlayerViewController.swift in Sources */,
				D3D2E95319A36A0000DEF125 /* AppDelegate.swift in Sources */,
			);
			runOnlyForDeploymentPostprocessing = 0;
		};
/* End PBXSourcesBuildPhase section */

/* Begin PBXVariantGroup section */
		D36191BB19E9647B00CC9026 /* Main.storyboard */ = {
			isa = PBXVariantGroup;
			children = (
				D36191BC19E9647B00CC9026 /* Base */,
			);
			name = Main.storyboard;
			sourceTree = "<group>";
		};
/* End PBXVariantGroup section */

/* Begin XCBuildConfiguration section */
		D3D2E96719A36A0000DEF125 /* Debug */ = {
			isa = XCBuildConfiguration;
			buildSettings = {
				ALWAYS_SEARCH_USER_PATHS = NO;
				CLANG_ANALYZER_LOCALIZABILITY_NONLOCALIZED = YES;
				CLANG_CXX_LANGUAGE_STANDARD = "gnu++0x";
				CLANG_CXX_LIBRARY = "libc++";
				CLANG_ENABLE_MODULES = YES;
				CLANG_ENABLE_OBJC_ARC = YES;
				CLANG_WARN_BLOCK_CAPTURE_AUTORELEASING = YES;
				CLANG_WARN_BOOL_CONVERSION = YES;
				CLANG_WARN_COMMA = YES;
				CLANG_WARN_CONSTANT_CONVERSION = YES;
				CLANG_WARN_DEPRECATED_OBJC_IMPLEMENTATIONS = YES;
				CLANG_WARN_DIRECT_OBJC_ISA_USAGE = YES_ERROR;
				CLANG_WARN_EMPTY_BODY = YES;
				CLANG_WARN_ENUM_CONVERSION = YES;
				CLANG_WARN_INFINITE_RECURSION = YES;
				CLANG_WARN_INT_CONVERSION = YES;
				CLANG_WARN_NON_LITERAL_NULL_CONVERSION = YES;
				CLANG_WARN_OBJC_IMPLICIT_RETAIN_SELF = YES;
				CLANG_WARN_OBJC_LITERAL_CONVERSION = YES;
				CLANG_WARN_OBJC_ROOT_CLASS = YES_ERROR;
				CLANG_WARN_RANGE_LOOP_ANALYSIS = YES;
				CLANG_WARN_STRICT_PROTOTYPES = YES;
				CLANG_WARN_SUSPICIOUS_MOVE = YES;
				CLANG_WARN_UNREACHABLE_CODE = YES;
				CLANG_WARN__DUPLICATE_METHOD_MATCH = YES;
				"CODE_SIGN_IDENTITY[sdk=iphoneos*]" = "iPhone Developer";
				COPY_PHASE_STRIP = NO;
				ENABLE_STRICT_OBJC_MSGSEND = YES;
				ENABLE_TESTABILITY = YES;
				GCC_C_LANGUAGE_STANDARD = gnu99;
				GCC_DYNAMIC_NO_PIC = NO;
				GCC_NO_COMMON_BLOCKS = YES;
				GCC_OPTIMIZATION_LEVEL = 0;
				GCC_PREPROCESSOR_DEFINITIONS = (
					"DEBUG=1",
					"$(inherited)",
				);
				GCC_SYMBOLS_PRIVATE_EXTERN = NO;
				GCC_WARN_64_TO_32_BIT_CONVERSION = YES;
				GCC_WARN_ABOUT_RETURN_TYPE = YES_ERROR;
				GCC_WARN_UNDECLARED_SELECTOR = YES;
				GCC_WARN_UNINITIALIZED_AUTOS = YES_AGGRESSIVE;
				GCC_WARN_UNUSED_FUNCTION = YES;
				GCC_WARN_UNUSED_VARIABLE = YES;
				IPHONEOS_DEPLOYMENT_TARGET = 8.0;
				METAL_ENABLE_DEBUG_INFO = YES;
				ONLY_ACTIVE_ARCH = YES;
				SDKROOT = iphoneos;
				SWIFT_OPTIMIZATION_LEVEL = "-Onone";
				SWIFT_VERSION = 4.0;
			};
			name = Debug;
		};
		D3D2E96819A36A0000DEF125 /* Release */ = {
			isa = XCBuildConfiguration;
			buildSettings = {
				ALWAYS_SEARCH_USER_PATHS = NO;
				CLANG_ANALYZER_LOCALIZABILITY_NONLOCALIZED = YES;
				CLANG_CXX_LANGUAGE_STANDARD = "gnu++0x";
				CLANG_CXX_LIBRARY = "libc++";
				CLANG_ENABLE_MODULES = YES;
				CLANG_ENABLE_OBJC_ARC = YES;
				CLANG_WARN_BLOCK_CAPTURE_AUTORELEASING = YES;
				CLANG_WARN_BOOL_CONVERSION = YES;
				CLANG_WARN_COMMA = YES;
				CLANG_WARN_CONSTANT_CONVERSION = YES;
				CLANG_WARN_DEPRECATED_OBJC_IMPLEMENTATIONS = YES;
				CLANG_WARN_DIRECT_OBJC_ISA_USAGE = YES_ERROR;
				CLANG_WARN_EMPTY_BODY = YES;
				CLANG_WARN_ENUM_CONVERSION = YES;
				CLANG_WARN_INFINITE_RECURSION = YES;
				CLANG_WARN_INT_CONVERSION = YES;
				CLANG_WARN_NON_LITERAL_NULL_CONVERSION = YES;
				CLANG_WARN_OBJC_IMPLICIT_RETAIN_SELF = YES;
				CLANG_WARN_OBJC_LITERAL_CONVERSION = YES;
				CLANG_WARN_OBJC_ROOT_CLASS = YES_ERROR;
				CLANG_WARN_RANGE_LOOP_ANALYSIS = YES;
				CLANG_WARN_STRICT_PROTOTYPES = YES;
				CLANG_WARN_SUSPICIOUS_MOVE = YES;
				CLANG_WARN_UNREACHABLE_CODE = YES;
				CLANG_WARN__DUPLICATE_METHOD_MATCH = YES;
				"CODE_SIGN_IDENTITY[sdk=iphoneos*]" = "iPhone Developer";
				COPY_PHASE_STRIP = YES;
				ENABLE_NS_ASSERTIONS = NO;
				ENABLE_STRICT_OBJC_MSGSEND = YES;
				GCC_C_LANGUAGE_STANDARD = gnu99;
				GCC_NO_COMMON_BLOCKS = YES;
				GCC_WARN_64_TO_32_BIT_CONVERSION = YES;
				GCC_WARN_ABOUT_RETURN_TYPE = YES_ERROR;
				GCC_WARN_UNDECLARED_SELECTOR = YES;
				GCC_WARN_UNINITIALIZED_AUTOS = YES_AGGRESSIVE;
				GCC_WARN_UNUSED_FUNCTION = YES;
				GCC_WARN_UNUSED_VARIABLE = YES;
				IPHONEOS_DEPLOYMENT_TARGET = 8.0;
				METAL_ENABLE_DEBUG_INFO = NO;
				SDKROOT = iphoneos;
				SWIFT_COMPILATION_MODE = wholemodule;
				SWIFT_VERSION = 4.0;
				VALIDATE_PRODUCT = YES;
			};
			name = Release;
		};
		D3D2E96A19A36A0000DEF125 /* Debug */ = {
			isa = XCBuildConfiguration;
			buildSettings = {
				ASSETCATALOG_COMPILER_APPICON_NAME = AppIcon;
				CLANG_ANALYZER_OBJC_NSCFERROR = YES;
				DEVELOPMENT_TEAM = NY2B63T68P;
				IBSC_ERRORS = YES;
				INFOPLIST_FILE = "Music Player/Info.plist";
				LD_RUNPATH_SEARCH_PATHS = "$(inherited) @executable_path/Frameworks";
				PRODUCT_BUNDLE_IDENTIFIER = "com.yourcompany.$(PRODUCT_NAME:rfc1034identifier)";
				PRODUCT_NAME = "$(TARGET_NAME)";
				SWIFT_VERSION = 5.0;
				TARGETED_DEVICE_FAMILY = 1;
			};
			name = Debug;
		};
		D3D2E96B19A36A0000DEF125 /* Release */ = {
			isa = XCBuildConfiguration;
			buildSettings = {
				ASSETCATALOG_COMPILER_APPICON_NAME = AppIcon;
				CLANG_ANALYZER_OBJC_NSCFERROR = YES;
				DEVELOPMENT_TEAM = NY2B63T68P;
				IBSC_ERRORS = YES;
				INFOPLIST_FILE = "Music Player/Info.plist";
				LD_RUNPATH_SEARCH_PATHS = "$(inherited) @executable_path/Frameworks";
				ONLY_ACTIVE_ARCH = NO;
				PRODUCT_BUNDLE_IDENTIFIER = "com.yourcompany.$(PRODUCT_NAME:rfc1034identifier)";
				PRODUCT_NAME = "$(TARGET_NAME)";
				SWIFT_VERSION = 5.0;
				TARGETED_DEVICE_FAMILY = 1;
			};
			name = Release;
		};
/* End XCBuildConfiguration section */

/* Begin XCConfigurationList section */
		D3D2E94819A36A0000DEF125 /* Build configuration list for PBXProject "Music Player" */ = {
			isa = XCConfigurationList;
			buildConfigurations = (
				D3D2E96719A36A0000DEF125 /* Debug */,
				D3D2E96819A36A0000DEF125 /* Release */,
			);
			defaultConfigurationIsVisible = 0;
			defaultConfigurationName = Release;
		};
		D3D2E96919A36A0000DEF125 /* Build configuration list for PBXNativeTarget "Music Player" */ = {
			isa = XCConfigurationList;
			buildConfigurations = (
				D3D2E96A19A36A0000DEF125 /* Debug */,
				D3D2E96B19A36A0000DEF125 /* Release */,
			);
			defaultConfigurationIsVisible = 0;
			defaultConfigurationName = Release;
		};
/* End XCConfigurationList section */
	};
	rootObject = D3D2E94519A36A0000DEF125 /* Project object */;
}
